// !$*UTF8*$!
{
	archiveVersion = 1;
	classes = {
	};
	objectVersion = 46;
	objects = {

/* Begin PBXBuildFile section */
		2A49EFF6B7B4D190245499A7 /* Pods.framework in Frameworks */ = {isa = PBXBuildFile; fileRef = 1E8CC865E56BA5C5F2757091 /* Pods.framework */; };
		FE19F93D1C39331B009986FE /* UIColor+Project.swift in Sources */ = {isa = PBXBuildFile; fileRef = FE19F93C1C39331B009986FE /* UIColor+Project.swift */; };
		FE19F93F1C394398009986FE /* UIFont+Project.swift in Sources */ = {isa = PBXBuildFile; fileRef = FE19F93E1C394398009986FE /* UIFont+Project.swift */; };
		FE19F9411C3944C7009986FE /* DeviceCfg.swift in Sources */ = {isa = PBXBuildFile; fileRef = FE19F9401C3944C7009986FE /* DeviceCfg.swift */; };
		FE91BA871C3338D7002AECB6 /* CPBaseViewController.swift in Sources */ = {isa = PBXBuildFile; fileRef = FE91BA861C3338D7002AECB6 /* CPBaseViewController.swift */; };
		FE91BA891C3338F9002AECB6 /* CPBaseTableViewController.swift in Sources */ = {isa = PBXBuildFile; fileRef = FE91BA881C3338F9002AECB6 /* CPBaseTableViewController.swift */; };
		FE91BA8B1C333948002AECB6 /* CPGistViewController.swift in Sources */ = {isa = PBXBuildFile; fileRef = FE91BA8A1C333948002AECB6 /* CPGistViewController.swift */; };
		FE91BA8D1C33395C002AECB6 /* CPMessageViewController.swift in Sources */ = {isa = PBXBuildFile; fileRef = FE91BA8C1C33395C002AECB6 /* CPMessageViewController.swift */; };
		FE91BA8F1C33396E002AECB6 /* CPProfileViewController.swift in Sources */ = {isa = PBXBuildFile; fileRef = FE91BA8E1C33396E002AECB6 /* CPProfileViewController.swift */; };
		FE91BA911C333989002AECB6 /* CPStarsViewController.swift in Sources */ = {isa = PBXBuildFile; fileRef = FE91BA901C333989002AECB6 /* CPStarsViewController.swift */; };
		FE91BA931C33399C002AECB6 /* CPTrendingViewController.swift in Sources */ = {isa = PBXBuildFile; fileRef = FE91BA921C33399C002AECB6 /* CPTrendingViewController.swift */; };
		FE91BA951C333AE2002AECB6 /* CPBaseTabBarController.swift in Sources */ = {isa = PBXBuildFile; fileRef = FE91BA941C333AE2002AECB6 /* CPBaseTabBarController.swift */; };
		FE91BA971C334C9F002AECB6 /* CPLoginViewController.swift in Sources */ = {isa = PBXBuildFile; fileRef = FE91BA961C334C9F002AECB6 /* CPLoginViewController.swift */; };
		FEC0DC3A1C28B39F0008C7C1 /* AppDelegate.swift in Sources */ = {isa = PBXBuildFile; fileRef = FEC0DC391C28B39F0008C7C1 /* AppDelegate.swift */; };
		FEC0DC411C28B39F0008C7C1 /* Main.storyboard in Resources */ = {isa = PBXBuildFile; fileRef = FEC0DC3F1C28B39F0008C7C1 /* Main.storyboard */; };
		FEC0DC431C28B39F0008C7C1 /* Assets.xcassets in Resources */ = {isa = PBXBuildFile; fileRef = FEC0DC421C28B39F0008C7C1 /* Assets.xcassets */; };
		FEC0DC461C28B39F0008C7C1 /* LaunchScreen.storyboard in Resources */ = {isa = PBXBuildFile; fileRef = FEC0DC441C28B39F0008C7C1 /* LaunchScreen.storyboard */; };
		FEC0DC511C28B39F0008C7C1 /* CoderpursueTests.swift in Sources */ = {isa = PBXBuildFile; fileRef = FEC0DC501C28B39F0008C7C1 /* CoderpursueTests.swift */; };
		FEC0DC5C1C28B39F0008C7C1 /* CoderpursueUITests.swift in Sources */ = {isa = PBXBuildFile; fileRef = FEC0DC5B1C28B39F0008C7C1 /* CoderpursueUITests.swift */; };
		FED481091C3C7121002956A8 /* CPStyleGuide.swift in Sources */ = {isa = PBXBuildFile; fileRef = FED481081C3C7121002956A8 /* CPStyleGuide.swift */; };
/* End PBXBuildFile section */

/* Begin PBXContainerItemProxy section */
		FEC0DC4D1C28B39F0008C7C1 /* PBXContainerItemProxy */ = {
			isa = PBXContainerItemProxy;
			containerPortal = FEC0DC2E1C28B39F0008C7C1 /* Project object */;
			proxyType = 1;
			remoteGlobalIDString = FEC0DC351C28B39F0008C7C1;
			remoteInfo = Coderpursue;
		};
		FEC0DC581C28B39F0008C7C1 /* PBXContainerItemProxy */ = {
			isa = PBXContainerItemProxy;
			containerPortal = FEC0DC2E1C28B39F0008C7C1 /* Project object */;
			proxyType = 1;
			remoteGlobalIDString = FEC0DC351C28B39F0008C7C1;
			remoteInfo = Coderpursue;
		};
/* End PBXContainerItemProxy section */

/* Begin PBXFileReference section */
		1E8CC865E56BA5C5F2757091 /* Pods.framework */ = {isa = PBXFileReference; explicitFileType = wrapper.framework; includeInIndex = 0; path = Pods.framework; sourceTree = BUILT_PRODUCTS_DIR; };
		7033FE43E4D993E3792163CE /* Pods.release.xcconfig */ = {isa = PBXFileReference; includeInIndex = 1; lastKnownFileType = text.xcconfig; name = Pods.release.xcconfig; path = "Pods/Target Support Files/Pods/Pods.release.xcconfig"; sourceTree = "<group>"; };
		E55419785C19BA2049E6F4B9 /* Pods.debug.xcconfig */ = {isa = PBXFileReference; includeInIndex = 1; lastKnownFileType = text.xcconfig; name = Pods.debug.xcconfig; path = "Pods/Target Support Files/Pods/Pods.debug.xcconfig"; sourceTree = "<group>"; };
		FE19F93C1C39331B009986FE /* UIColor+Project.swift */ = {isa = PBXFileReference; fileEncoding = 4; lastKnownFileType = sourcecode.swift; path = "UIColor+Project.swift"; sourceTree = "<group>"; };
		FE19F93E1C394398009986FE /* UIFont+Project.swift */ = {isa = PBXFileReference; fileEncoding = 4; lastKnownFileType = sourcecode.swift; path = "UIFont+Project.swift"; sourceTree = "<group>"; };
		FE19F9401C3944C7009986FE /* DeviceCfg.swift */ = {isa = PBXFileReference; fileEncoding = 4; lastKnownFileType = sourcecode.swift; path = DeviceCfg.swift; sourceTree = "<group>"; };
		FE91BA861C3338D7002AECB6 /* CPBaseViewController.swift */ = {isa = PBXFileReference; fileEncoding = 4; lastKnownFileType = sourcecode.swift; path = CPBaseViewController.swift; sourceTree = "<group>"; };
		FE91BA881C3338F9002AECB6 /* CPBaseTableViewController.swift */ = {isa = PBXFileReference; fileEncoding = 4; lastKnownFileType = sourcecode.swift; path = CPBaseTableViewController.swift; sourceTree = "<group>"; };
		FE91BA8A1C333948002AECB6 /* CPGistViewController.swift */ = {isa = PBXFileReference; fileEncoding = 4; lastKnownFileType = sourcecode.swift; path = CPGistViewController.swift; sourceTree = "<group>"; };
		FE91BA8C1C33395C002AECB6 /* CPMessageViewController.swift */ = {isa = PBXFileReference; fileEncoding = 4; lastKnownFileType = sourcecode.swift; path = CPMessageViewController.swift; sourceTree = "<group>"; };
		FE91BA8E1C33396E002AECB6 /* CPProfileViewController.swift */ = {isa = PBXFileReference; fileEncoding = 4; lastKnownFileType = sourcecode.swift; path = CPProfileViewController.swift; sourceTree = "<group>"; };
		FE91BA901C333989002AECB6 /* CPStarsViewController.swift */ = {isa = PBXFileReference; fileEncoding = 4; lastKnownFileType = sourcecode.swift; path = CPStarsViewController.swift; sourceTree = "<group>"; };
		FE91BA921C33399C002AECB6 /* CPTrendingViewController.swift */ = {isa = PBXFileReference; fileEncoding = 4; lastKnownFileType = sourcecode.swift; path = CPTrendingViewController.swift; sourceTree = "<group>"; };
		FE91BA941C333AE2002AECB6 /* CPBaseTabBarController.swift */ = {isa = PBXFileReference; fileEncoding = 4; lastKnownFileType = sourcecode.swift; path = CPBaseTabBarController.swift; sourceTree = "<group>"; };
		FE91BA961C334C9F002AECB6 /* CPLoginViewController.swift */ = {isa = PBXFileReference; fileEncoding = 4; lastKnownFileType = sourcecode.swift; path = CPLoginViewController.swift; sourceTree = "<group>"; };
		FEC0DC361C28B39F0008C7C1 /* Coderpursue.app */ = {isa = PBXFileReference; explicitFileType = wrapper.application; includeInIndex = 0; path = Coderpursue.app; sourceTree = BUILT_PRODUCTS_DIR; };
		FEC0DC391C28B39F0008C7C1 /* AppDelegate.swift */ = {isa = PBXFileReference; lastKnownFileType = sourcecode.swift; path = AppDelegate.swift; sourceTree = "<group>"; };
		FEC0DC401C28B39F0008C7C1 /* Base */ = {isa = PBXFileReference; lastKnownFileType = file.storyboard; name = Base; path = Base.lproj/Main.storyboard; sourceTree = "<group>"; };
		FEC0DC421C28B39F0008C7C1 /* Assets.xcassets */ = {isa = PBXFileReference; lastKnownFileType = folder.assetcatalog; path = Assets.xcassets; sourceTree = "<group>"; };
		FEC0DC451C28B39F0008C7C1 /* Base */ = {isa = PBXFileReference; lastKnownFileType = file.storyboard; name = Base; path = Base.lproj/LaunchScreen.storyboard; sourceTree = "<group>"; };
		FEC0DC471C28B39F0008C7C1 /* Info.plist */ = {isa = PBXFileReference; lastKnownFileType = text.plist.xml; path = Info.plist; sourceTree = "<group>"; };
		FEC0DC4C1C28B39F0008C7C1 /* CoderpursueTests.xctest */ = {isa = PBXFileReference; explicitFileType = wrapper.cfbundle; includeInIndex = 0; path = CoderpursueTests.xctest; sourceTree = BUILT_PRODUCTS_DIR; };
		FEC0DC501C28B39F0008C7C1 /* CoderpursueTests.swift */ = {isa = PBXFileReference; lastKnownFileType = sourcecode.swift; path = CoderpursueTests.swift; sourceTree = "<group>"; };
		FEC0DC521C28B39F0008C7C1 /* Info.plist */ = {isa = PBXFileReference; lastKnownFileType = text.plist.xml; path = Info.plist; sourceTree = "<group>"; };
		FEC0DC571C28B39F0008C7C1 /* CoderpursueUITests.xctest */ = {isa = PBXFileReference; explicitFileType = wrapper.cfbundle; includeInIndex = 0; path = CoderpursueUITests.xctest; sourceTree = BUILT_PRODUCTS_DIR; };
		FEC0DC5B1C28B39F0008C7C1 /* CoderpursueUITests.swift */ = {isa = PBXFileReference; lastKnownFileType = sourcecode.swift; path = CoderpursueUITests.swift; sourceTree = "<group>"; };
		FEC0DC5D1C28B39F0008C7C1 /* Info.plist */ = {isa = PBXFileReference; lastKnownFileType = text.plist.xml; path = Info.plist; sourceTree = "<group>"; };
		FED481081C3C7121002956A8 /* CPStyleGuide.swift */ = {isa = PBXFileReference; fileEncoding = 4; lastKnownFileType = sourcecode.swift; path = CPStyleGuide.swift; sourceTree = "<group>"; };
/* End PBXFileReference section */

/* Begin PBXFrameworksBuildPhase section */
		FEC0DC331C28B39F0008C7C1 /* Frameworks */ = {
			isa = PBXFrameworksBuildPhase;
			buildActionMask = 2147483647;
			files = (
				2A49EFF6B7B4D190245499A7 /* Pods.framework in Frameworks */,
			);
			runOnlyForDeploymentPostprocessing = 0;
		};
		FEC0DC491C28B39F0008C7C1 /* Frameworks */ = {
			isa = PBXFrameworksBuildPhase;
			buildActionMask = 2147483647;
			files = (
			);
			runOnlyForDeploymentPostprocessing = 0;
		};
		FEC0DC541C28B39F0008C7C1 /* Frameworks */ = {
			isa = PBXFrameworksBuildPhase;
			buildActionMask = 2147483647;
			files = (
			);
			runOnlyForDeploymentPostprocessing = 0;
		};
/* End PBXFrameworksBuildPhase section */

/* Begin PBXGroup section */
		4D8F6ECC1AEDFB027177FDBB /* Frameworks */ = {
			isa = PBXGroup;
			children = (
				1E8CC865E56BA5C5F2757091 /* Pods.framework */,
			);
			name = Frameworks;
			sourceTree = "<group>";
		};
		CD0D1919CEA9D0064B40CC03 /* Pods */ = {
			isa = PBXGroup;
			children = (
				E55419785C19BA2049E6F4B9 /* Pods.debug.xcconfig */,
				7033FE43E4D993E3792163CE /* Pods.release.xcconfig */,
			);
			name = Pods;
			sourceTree = "<group>";
		};
		FE19F93A1C390865009986FE /* ProConfig */ = {
			isa = PBXGroup;
			children = (
				FE19F93C1C39331B009986FE /* UIColor+Project.swift */,
				FE19F93E1C394398009986FE /* UIFont+Project.swift */,
				FE19F9401C3944C7009986FE /* DeviceCfg.swift */,
				FED481081C3C7121002956A8 /* CPStyleGuide.swift */,
			);
			path = ProConfig;
			sourceTree = "<group>";
		};
		FE19F93B1C390865009986FE /* Resources */ = {
			isa = PBXGroup;
			children = (
			);
			path = Resources;
			sourceTree = "<group>";
		};
		FE91BA711C333804002AECB6 /* Helper */ = {
			isa = PBXGroup;
			children = (
			);
			path = Helper;
			sourceTree = "<group>";
		};
		FE91BA721C333804002AECB6 /* Model */ = {
			isa = PBXGroup;
			children = (
			);
			path = Model;
			sourceTree = "<group>";
		};
		FE91BA731C333804002AECB6 /* Network */ = {
			isa = PBXGroup;
			children = (
			);
			path = Network;
			sourceTree = "<group>";
		};
		FE91BA751C333804002AECB6 /* ThidParty */ = {
			isa = PBXGroup;
			children = (
			);
			path = ThidParty;
			sourceTree = "<group>";
		};
		FE91BA761C333804002AECB6 /* View */ = {
			isa = PBXGroup;
			children = (
				FE91BA7E1C333859002AECB6 /* Base */,
				FE91BA831C333859002AECB6 /* Trending */,
				FE91BA801C333859002AECB6 /* Message */,
				FE91BA821C333859002AECB6 /* Stars */,
				FE91BA7F1C333859002AECB6 /* Gist */,
				FE91BA811C333859002AECB6 /* Profile */,
			);
			path = View;
			sourceTree = "<group>";
		};
		FE91BA771C333804002AECB6 /* VIewController */ = {
			isa = PBXGroup;
			children = (
				FE91BA781C333836002AECB6 /* Base */,
				FE91BA7D1C333836002AECB6 /* Trending */,
				FE91BA7A1C333836002AECB6 /* Message */,
				FE91BA7C1C333836002AECB6 /* Stars */,
				FE91BA791C333836002AECB6 /* Gist */,
				FE91BA7B1C333836002AECB6 /* Profile */,
			);
			path = VIewController;
			sourceTree = "<group>";
		};
		FE91BA781C333836002AECB6 /* Base */ = {
			isa = PBXGroup;
			children = (
				FE91BA861C3338D7002AECB6 /* CPBaseViewController.swift */,
				FE91BA881C3338F9002AECB6 /* CPBaseTableViewController.swift */,
				FE91BA941C333AE2002AECB6 /* CPBaseTabBarController.swift */,
			);
			path = Base;
			sourceTree = "<group>";
		};
		FE91BA791C333836002AECB6 /* Gist */ = {
			isa = PBXGroup;
			children = (
				FE91BA8A1C333948002AECB6 /* CPGistViewController.swift */,
			);
			path = Gist;
			sourceTree = "<group>";
		};
		FE91BA7A1C333836002AECB6 /* Message */ = {
			isa = PBXGroup;
			children = (
				FE91BA8C1C33395C002AECB6 /* CPMessageViewController.swift */,
			);
			path = Message;
			sourceTree = "<group>";
		};
		FE91BA7B1C333836002AECB6 /* Profile */ = {
			isa = PBXGroup;
			children = (
				FE91BA8E1C33396E002AECB6 /* CPProfileViewController.swift */,
				FE91BA961C334C9F002AECB6 /* CPLoginViewController.swift */,
			);
			path = Profile;
			sourceTree = "<group>";
		};
		FE91BA7C1C333836002AECB6 /* Stars */ = {
			isa = PBXGroup;
			children = (
				FE91BA901C333989002AECB6 /* CPStarsViewController.swift */,
			);
			path = Stars;
			sourceTree = "<group>";
		};
		FE91BA7D1C333836002AECB6 /* Trending */ = {
			isa = PBXGroup;
			children = (
				FE91BA921C33399C002AECB6 /* CPTrendingViewController.swift */,
			);
			path = Trending;
			sourceTree = "<group>";
		};
		FE91BA7E1C333859002AECB6 /* Base */ = {
			isa = PBXGroup;
			children = (
			);
			path = Base;
			sourceTree = "<group>";
		};
		FE91BA7F1C333859002AECB6 /* Gist */ = {
			isa = PBXGroup;
			children = (
			);
			path = Gist;
			sourceTree = "<group>";
		};
		FE91BA801C333859002AECB6 /* Message */ = {
			isa = PBXGroup;
			children = (
			);
			path = Message;
			sourceTree = "<group>";
		};
		FE91BA811C333859002AECB6 /* Profile */ = {
			isa = PBXGroup;
			children = (
			);
			path = Profile;
			sourceTree = "<group>";
		};
		FE91BA821C333859002AECB6 /* Stars */ = {
			isa = PBXGroup;
			children = (
			);
			path = Stars;
			sourceTree = "<group>";
		};
		FE91BA831C333859002AECB6 /* Trending */ = {
			isa = PBXGroup;
			children = (
			);
			path = Trending;
			sourceTree = "<group>";
		};
		FEC0DC2D1C28B39E0008C7C1 = {
			isa = PBXGroup;
			children = (
				FEC0DC381C28B39F0008C7C1 /* Coderpursue */,
				FEC0DC4F1C28B39F0008C7C1 /* CoderpursueTests */,
				FEC0DC5A1C28B39F0008C7C1 /* CoderpursueUITests */,
				FEC0DC371C28B39F0008C7C1 /* Products */,
				CD0D1919CEA9D0064B40CC03 /* Pods */,
				4D8F6ECC1AEDFB027177FDBB /* Frameworks */,
			);
			sourceTree = "<group>";
		};
		FEC0DC371C28B39F0008C7C1 /* Products */ = {
			isa = PBXGroup;
			children = (
				FEC0DC361C28B39F0008C7C1 /* Coderpursue.app */,
				FEC0DC4C1C28B39F0008C7C1 /* CoderpursueTests.xctest */,
				FEC0DC571C28B39F0008C7C1 /* CoderpursueUITests.xctest */,
			);
			name = Products;
			sourceTree = "<group>";
		};
		FEC0DC381C28B39F0008C7C1 /* Coderpursue */ = {
			isa = PBXGroup;
			children = (
				FE19F93A1C390865009986FE /* ProConfig */,
				FE19F93B1C390865009986FE /* Resources */,
				FE91BA711C333804002AECB6 /* Helper */,
				FE91BA721C333804002AECB6 /* Model */,
				FE91BA731C333804002AECB6 /* Network */,
				FE91BA751C333804002AECB6 /* ThidParty */,
				FE91BA761C333804002AECB6 /* View */,
				FE91BA771C333804002AECB6 /* VIewController */,
				FEC0DC391C28B39F0008C7C1 /* AppDelegate.swift */,
				FEC0DC3F1C28B39F0008C7C1 /* Main.storyboard */,
				FEC0DC421C28B39F0008C7C1 /* Assets.xcassets */,
				FEC0DC441C28B39F0008C7C1 /* LaunchScreen.storyboard */,
				FEC0DC471C28B39F0008C7C1 /* Info.plist */,
			);
			path = Coderpursue;
			sourceTree = "<group>";
		};
		FEC0DC4F1C28B39F0008C7C1 /* CoderpursueTests */ = {
			isa = PBXGroup;
			children = (
				FEC0DC501C28B39F0008C7C1 /* CoderpursueTests.swift */,
				FEC0DC521C28B39F0008C7C1 /* Info.plist */,
			);
			path = CoderpursueTests;
			sourceTree = "<group>";
		};
		FEC0DC5A1C28B39F0008C7C1 /* CoderpursueUITests */ = {
			isa = PBXGroup;
			children = (
				FEC0DC5B1C28B39F0008C7C1 /* CoderpursueUITests.swift */,
				FEC0DC5D1C28B39F0008C7C1 /* Info.plist */,
			);
			path = CoderpursueUITests;
			sourceTree = "<group>";
		};
/* End PBXGroup section */

/* Begin PBXNativeTarget section */
		FEC0DC351C28B39F0008C7C1 /* Coderpursue */ = {
			isa = PBXNativeTarget;
			buildConfigurationList = FEC0DC601C28B39F0008C7C1 /* Build configuration list for PBXNativeTarget "Coderpursue" */;
			buildPhases = (
				99A5881BD65F650E03F54F36 /* Check Pods Manifest.lock */,
				FEC0DC321C28B39F0008C7C1 /* Sources */,
				FEC0DC331C28B39F0008C7C1 /* Frameworks */,
				FEC0DC341C28B39F0008C7C1 /* Resources */,
				C86E62EFC0C3E0FF7875B4D5 /* Embed Pods Frameworks */,
				FD109826F941413AB9D3E5B9 /* Copy Pods Resources */,
			);
			buildRules = (
			);
			dependencies = (
			);
			name = Coderpursue;
			productName = Coderpursue;
			productReference = FEC0DC361C28B39F0008C7C1 /* Coderpursue.app */;
			productType = "com.apple.product-type.application";
		};
		FEC0DC4B1C28B39F0008C7C1 /* CoderpursueTests */ = {
			isa = PBXNativeTarget;
			buildConfigurationList = FEC0DC631C28B39F0008C7C1 /* Build configuration list for PBXNativeTarget "CoderpursueTests" */;
			buildPhases = (
				FEC0DC481C28B39F0008C7C1 /* Sources */,
				FEC0DC491C28B39F0008C7C1 /* Frameworks */,
				FEC0DC4A1C28B39F0008C7C1 /* Resources */,
			);
			buildRules = (
			);
			dependencies = (
				FEC0DC4E1C28B39F0008C7C1 /* PBXTargetDependency */,
			);
			name = CoderpursueTests;
			productName = CoderpursueTests;
			productReference = FEC0DC4C1C28B39F0008C7C1 /* CoderpursueTests.xctest */;
			productType = "com.apple.product-type.bundle.unit-test";
		};
		FEC0DC561C28B39F0008C7C1 /* CoderpursueUITests */ = {
			isa = PBXNativeTarget;
			buildConfigurationList = FEC0DC661C28B39F0008C7C1 /* Build configuration list for PBXNativeTarget "CoderpursueUITests" */;
			buildPhases = (
				FEC0DC531C28B39F0008C7C1 /* Sources */,
				FEC0DC541C28B39F0008C7C1 /* Frameworks */,
				FEC0DC551C28B39F0008C7C1 /* Resources */,
			);
			buildRules = (
			);
			dependencies = (
				FEC0DC591C28B39F0008C7C1 /* PBXTargetDependency */,
			);
			name = CoderpursueUITests;
			productName = CoderpursueUITests;
			productReference = FEC0DC571C28B39F0008C7C1 /* CoderpursueUITests.xctest */;
			productType = "com.apple.product-type.bundle.ui-testing";
		};
/* End PBXNativeTarget section */

/* Begin PBXProject section */
		FEC0DC2E1C28B39F0008C7C1 /* Project object */ = {
			isa = PBXProject;
			attributes = {
				LastSwiftUpdateCheck = 0720;
				LastUpgradeCheck = 0720;
				ORGANIZATIONNAME = JungleSong;
				TargetAttributes = {
					FEC0DC351C28B39F0008C7C1 = {
						CreatedOnToolsVersion = 7.2;
					};
					FEC0DC4B1C28B39F0008C7C1 = {
						CreatedOnToolsVersion = 7.2;
						TestTargetID = FEC0DC351C28B39F0008C7C1;
					};
					FEC0DC561C28B39F0008C7C1 = {
						CreatedOnToolsVersion = 7.2;
						TestTargetID = FEC0DC351C28B39F0008C7C1;
					};
				};
			};
			buildConfigurationList = FEC0DC311C28B39F0008C7C1 /* Build configuration list for PBXProject "Coderpursue" */;
			compatibilityVersion = "Xcode 3.2";
			developmentRegion = English;
			hasScannedForEncodings = 0;
			knownRegions = (
				en,
				Base,
			);
			mainGroup = FEC0DC2D1C28B39E0008C7C1;
			productRefGroup = FEC0DC371C28B39F0008C7C1 /* Products */;
			projectDirPath = "";
			projectRoot = "";
			targets = (
				FEC0DC351C28B39F0008C7C1 /* Coderpursue */,
				FEC0DC4B1C28B39F0008C7C1 /* CoderpursueTests */,
				FEC0DC561C28B39F0008C7C1 /* CoderpursueUITests */,
			);
		};
/* End PBXProject section */

/* Begin PBXResourcesBuildPhase section */
		FEC0DC341C28B39F0008C7C1 /* Resources */ = {
			isa = PBXResourcesBuildPhase;
			buildActionMask = 2147483647;
			files = (
				FEC0DC461C28B39F0008C7C1 /* LaunchScreen.storyboard in Resources */,
				FEC0DC431C28B39F0008C7C1 /* Assets.xcassets in Resources */,
				FEC0DC411C28B39F0008C7C1 /* Main.storyboard in Resources */,
			);
			runOnlyForDeploymentPostprocessing = 0;
		};
		FEC0DC4A1C28B39F0008C7C1 /* Resources */ = {
			isa = PBXResourcesBuildPhase;
			buildActionMask = 2147483647;
			files = (
			);
			runOnlyForDeploymentPostprocessing = 0;
		};
		FEC0DC551C28B39F0008C7C1 /* Resources */ = {
			isa = PBXResourcesBuildPhase;
			buildActionMask = 2147483647;
			files = (
			);
			runOnlyForDeploymentPostprocessing = 0;
		};
/* End PBXResourcesBuildPhase section */

/* Begin PBXShellScriptBuildPhase section */
		99A5881BD65F650E03F54F36 /* Check Pods Manifest.lock */ = {
			isa = PBXShellScriptBuildPhase;
			buildActionMask = 2147483647;
			files = (
			);
			inputPaths = (
			);
			name = "Check Pods Manifest.lock";
			outputPaths = (
			);
			runOnlyForDeploymentPostprocessing = 0;
			shellPath = /bin/sh;
			shellScript = "diff \"${PODS_ROOT}/../Podfile.lock\" \"${PODS_ROOT}/Manifest.lock\" > /dev/null\nif [[ $? != 0 ]] ; then\n    cat << EOM\nerror: The sandbox is not in sync with the Podfile.lock. Run 'pod install' or update your CocoaPods installation.\nEOM\n    exit 1\nfi\n";
			showEnvVarsInLog = 0;
		};
		C86E62EFC0C3E0FF7875B4D5 /* Embed Pods Frameworks */ = {
			isa = PBXShellScriptBuildPhase;
			buildActionMask = 2147483647;
			files = (
			);
			inputPaths = (
			);
			name = "Embed Pods Frameworks";
			outputPaths = (
			);
			runOnlyForDeploymentPostprocessing = 0;
			shellPath = /bin/sh;
			shellScript = "\"${SRCROOT}/Pods/Target Support Files/Pods/Pods-frameworks.sh\"\n";
			showEnvVarsInLog = 0;
		};
		FD109826F941413AB9D3E5B9 /* Copy Pods Resources */ = {
			isa = PBXShellScriptBuildPhase;
			buildActionMask = 2147483647;
			files = (
			);
			inputPaths = (
			);
			name = "Copy Pods Resources";
			outputPaths = (
			);
			runOnlyForDeploymentPostprocessing = 0;
			shellPath = /bin/sh;
			shellScript = "\"${SRCROOT}/Pods/Target Support Files/Pods/Pods-resources.sh\"\n";
			showEnvVarsInLog = 0;
		};
/* End PBXShellScriptBuildPhase section */

/* Begin PBXSourcesBuildPhase section */
		FEC0DC321C28B39F0008C7C1 /* Sources */ = {
			isa = PBXSourcesBuildPhase;
			buildActionMask = 2147483647;
			files = (
				FE91BA8D1C33395C002AECB6 /* CPMessageViewController.swift in Sources */,
				FE91BA911C333989002AECB6 /* CPStarsViewController.swift in Sources */,
				FE19F9411C3944C7009986FE /* DeviceCfg.swift in Sources */,
				FE91BA891C3338F9002AECB6 /* CPBaseTableViewController.swift in Sources */,
				FE91BA971C334C9F002AECB6 /* CPLoginViewController.swift in Sources */,
				FE91BA871C3338D7002AECB6 /* CPBaseViewController.swift in Sources */,
				FE91BA8F1C33396E002AECB6 /* CPProfileViewController.swift in Sources */,
				FE19F93D1C39331B009986FE /* UIColor+Project.swift in Sources */,
				FE91BA8B1C333948002AECB6 /* CPGistViewController.swift in Sources */,
				FE91BA931C33399C002AECB6 /* CPTrendingViewController.swift in Sources */,
				FE91BA951C333AE2002AECB6 /* CPBaseTabBarController.swift in Sources */,
				FE19F93F1C394398009986FE /* UIFont+Project.swift in Sources */,
				FEC0DC3A1C28B39F0008C7C1 /* AppDelegate.swift in Sources */,
				FED481091C3C7121002956A8 /* CPStyleGuide.swift in Sources */,
			);
			runOnlyForDeploymentPostprocessing = 0;
		};
		FEC0DC481C28B39F0008C7C1 /* Sources */ = {
			isa = PBXSourcesBuildPhase;
			buildActionMask = 2147483647;
			files = (
				FEC0DC511C28B39F0008C7C1 /* CoderpursueTests.swift in Sources */,
			);
			runOnlyForDeploymentPostprocessing = 0;
		};
		FEC0DC531C28B39F0008C7C1 /* Sources */ = {
			isa = PBXSourcesBuildPhase;
			buildActionMask = 2147483647;
			files = (
				FEC0DC5C1C28B39F0008C7C1 /* CoderpursueUITests.swift in Sources */,
			);
			runOnlyForDeploymentPostprocessing = 0;
		};
/* End PBXSourcesBuildPhase section */

/* Begin PBXTargetDependency section */
		FEC0DC4E1C28B39F0008C7C1 /* PBXTargetDependency */ = {
			isa = PBXTargetDependency;
			target = FEC0DC351C28B39F0008C7C1 /* Coderpursue */;
			targetProxy = FEC0DC4D1C28B39F0008C7C1 /* PBXContainerItemProxy */;
		};
		FEC0DC591C28B39F0008C7C1 /* PBXTargetDependency */ = {
			isa = PBXTargetDependency;
			target = FEC0DC351C28B39F0008C7C1 /* Coderpursue */;
			targetProxy = FEC0DC581C28B39F0008C7C1 /* PBXContainerItemProxy */;
		};
/* End PBXTargetDependency section */

/* Begin PBXVariantGroup section */
		FEC0DC3F1C28B39F0008C7C1 /* Main.storyboard */ = {
			isa = PBXVariantGroup;
			children = (
				FEC0DC401C28B39F0008C7C1 /* Base */,
			);
			name = Main.storyboard;
			sourceTree = "<group>";
		};
		FEC0DC441C28B39F0008C7C1 /* LaunchScreen.storyboard */ = {
			isa = PBXVariantGroup;
			children = (
				FEC0DC451C28B39F0008C7C1 /* Base */,
			);
			name = LaunchScreen.storyboard;
			sourceTree = "<group>";
		};
/* End PBXVariantGroup section */

/* Begin XCBuildConfiguration section */
		FEC0DC5E1C28B39F0008C7C1 /* Debug */ = {
			isa = XCBuildConfiguration;
			buildSettings = {
				ALWAYS_SEARCH_USER_PATHS = NO;
				CLANG_CXX_LANGUAGE_STANDARD = "gnu++0x";
				CLANG_CXX_LIBRARY = "libc++";
				CLANG_ENABLE_MODULES = YES;
				CLANG_ENABLE_OBJC_ARC = YES;
				CLANG_WARN_BOOL_CONVERSION = YES;
				CLANG_WARN_CONSTANT_CONVERSION = YES;
				CLANG_WARN_DIRECT_OBJC_ISA_USAGE = YES_ERROR;
				CLANG_WARN_EMPTY_BODY = YES;
				CLANG_WARN_ENUM_CONVERSION = YES;
				CLANG_WARN_INT_CONVERSION = YES;
				CLANG_WARN_OBJC_ROOT_CLASS = YES_ERROR;
				CLANG_WARN_UNREACHABLE_CODE = YES;
				CLANG_WARN__DUPLICATE_METHOD_MATCH = YES;
				"CODE_SIGN_IDENTITY[sdk=iphoneos*]" = "iPhone Developer";
				COPY_PHASE_STRIP = NO;
				DEBUG_INFORMATION_FORMAT = dwarf;
				ENABLE_STRICT_OBJC_MSGSEND = YES;
				ENABLE_TESTABILITY = YES;
				GCC_C_LANGUAGE_STANDARD = gnu99;
				GCC_DYNAMIC_NO_PIC = NO;
				GCC_NO_COMMON_BLOCKS = YES;
				GCC_OPTIMIZATION_LEVEL = 0;
				GCC_PREPROCESSOR_DEFINITIONS = (
					"DEBUG=1",
					"$(inherited)",
				);
				GCC_WARN_64_TO_32_BIT_CONVERSION = YES;
				GCC_WARN_ABOUT_RETURN_TYPE = YES_ERROR;
				GCC_WARN_UNDECLARED_SELECTOR = YES;
				GCC_WARN_UNINITIALIZED_AUTOS = YES_AGGRESSIVE;
				GCC_WARN_UNUSED_FUNCTION = YES;
				GCC_WARN_UNUSED_VARIABLE = YES;
				IPHONEOS_DEPLOYMENT_TARGET = 9.2;
				MTL_ENABLE_DEBUG_INFO = YES;
				ONLY_ACTIVE_ARCH = YES;
				SDKROOT = iphoneos;
				SWIFT_OPTIMIZATION_LEVEL = "-Onone";
			};
			name = Debug;
		};
		FEC0DC5F1C28B39F0008C7C1 /* Release */ = {
			isa = XCBuildConfiguration;
			buildSettings = {
				ALWAYS_SEARCH_USER_PATHS = NO;
				CLANG_CXX_LANGUAGE_STANDARD = "gnu++0x";
				CLANG_CXX_LIBRARY = "libc++";
				CLANG_ENABLE_MODULES = YES;
				CLANG_ENABLE_OBJC_ARC = YES;
				CLANG_WARN_BOOL_CONVERSION = YES;
				CLANG_WARN_CONSTANT_CONVERSION = YES;
				CLANG_WARN_DIRECT_OBJC_ISA_USAGE = YES_ERROR;
				CLANG_WARN_EMPTY_BODY = YES;
				CLANG_WARN_ENUM_CONVERSION = YES;
				CLANG_WARN_INT_CONVERSION = YES;
				CLANG_WARN_OBJC_ROOT_CLASS = YES_ERROR;
				CLANG_WARN_UNREACHABLE_CODE = YES;
				CLANG_WARN__DUPLICATE_METHOD_MATCH = YES;
				"CODE_SIGN_IDENTITY[sdk=iphoneos*]" = "iPhone Developer";
				COPY_PHASE_STRIP = NO;
				DEBUG_INFORMATION_FORMAT = "dwarf-with-dsym";
				ENABLE_NS_ASSERTIONS = NO;
				ENABLE_STRICT_OBJC_MSGSEND = YES;
				GCC_C_LANGUAGE_STANDARD = gnu99;
				GCC_NO_COMMON_BLOCKS = YES;
				GCC_WARN_64_TO_32_BIT_CONVERSION = YES;
				GCC_WARN_ABOUT_RETURN_TYPE = YES_ERROR;
				GCC_WARN_UNDECLARED_SELECTOR = YES;
				GCC_WARN_UNINITIALIZED_AUTOS = YES_AGGRESSIVE;
				GCC_WARN_UNUSED_FUNCTION = YES;
				GCC_WARN_UNUSED_VARIABLE = YES;
				IPHONEOS_DEPLOYMENT_TARGET = 9.2;
				MTL_ENABLE_DEBUG_INFO = NO;
				SDKROOT = iphoneos;
				VALIDATE_PRODUCT = YES;
			};
			name = Release;
		};
		FEC0DC611C28B39F0008C7C1 /* Debug */ = {
			isa = XCBuildConfiguration;
			baseConfigurationReference = E55419785C19BA2049E6F4B9 /* Pods.debug.xcconfig */;
			buildSettings = {
				ASSETCATALOG_COMPILER_APPICON_NAME = AppIcon;
				INFOPLIST_FILE = Coderpursue/Info.plist;
				LD_RUNPATH_SEARCH_PATHS = "$(inherited) @executable_path/Frameworks";
				PRODUCT_BUNDLE_IDENTIFIER = com.junglesong.coderpursue;
				PRODUCT_NAME = "$(TARGET_NAME)";
			};
			name = Debug;
		};
		FEC0DC621C28B39F0008C7C1 /* Release */ = {
			isa = XCBuildConfiguration;
			baseConfigurationReference = 7033FE43E4D993E3792163CE /* Pods.release.xcconfig */;
			buildSettings = {
				ASSETCATALOG_COMPILER_APPICON_NAME = AppIcon;
				INFOPLIST_FILE = Coderpursue/Info.plist;
				LD_RUNPATH_SEARCH_PATHS = "$(inherited) @executable_path/Frameworks";
				PRODUCT_BUNDLE_IDENTIFIER = com.junglesong.coderpursue;
				PRODUCT_NAME = "$(TARGET_NAME)";
			};
			name = Release;
		};
		FEC0DC641C28B39F0008C7C1 /* Debug */ = {
			isa = XCBuildConfiguration;
			buildSettings = {
				BUNDLE_LOADER = "$(TEST_HOST)";
				INFOPLIST_FILE = CoderpursueTests/Info.plist;
				LD_RUNPATH_SEARCH_PATHS = "$(inherited) @executable_path/Frameworks @loader_path/Frameworks";
				PRODUCT_BUNDLE_IDENTIFIER = com.junglesong.CoderpursueTests;
				PRODUCT_NAME = "$(TARGET_NAME)";
				TEST_HOST = "$(BUILT_PRODUCTS_DIR)/Coderpursue.app/Coderpursue";
			};
			name = Debug;
		};
		FEC0DC651C28B39F0008C7C1 /* Release */ = {
			isa = XCBuildConfiguration;
			buildSettings = {
				BUNDLE_LOADER = "$(TEST_HOST)";
				INFOPLIST_FILE = CoderpursueTests/Info.plist;
				LD_RUNPATH_SEARCH_PATHS = "$(inherited) @executable_path/Frameworks @loader_path/Frameworks";
				PRODUCT_BUNDLE_IDENTIFIER = com.junglesong.CoderpursueTests;
				PRODUCT_NAME = "$(TARGET_NAME)";
				TEST_HOST = "$(BUILT_PRODUCTS_DIR)/Coderpursue.app/Coderpursue";
			};
			name = Release;
		};
		FEC0DC671C28B39F0008C7C1 /* Debug */ = {
			isa = XCBuildConfiguration;
			buildSettings = {
				INFOPLIST_FILE = CoderpursueUITests/Info.plist;
				LD_RUNPATH_SEARCH_PATHS = "$(inherited) @executable_path/Frameworks @loader_path/Frameworks";
				PRODUCT_BUNDLE_IDENTIFIER = com.junglesong.CoderpursueUITests;
				PRODUCT_NAME = "$(TARGET_NAME)";
				TEST_TARGET_NAME = Coderpursue;
				USES_XCTRUNNER = YES;
			};
			name = Debug;
		};
		FEC0DC681C28B39F0008C7C1 /* Release */ = {
			isa = XCBuildConfiguration;
			buildSettings = {
				INFOPLIST_FILE = CoderpursueUITests/Info.plist;
				LD_RUNPATH_SEARCH_PATHS = "$(inherited) @executable_path/Frameworks @loader_path/Frameworks";
				PRODUCT_BUNDLE_IDENTIFIER = com.junglesong.CoderpursueUITests;
				PRODUCT_NAME = "$(TARGET_NAME)";
				TEST_TARGET_NAME = Coderpursue;
				USES_XCTRUNNER = YES;
			};
			name = Release;
		};
/* End XCBuildConfiguration section */

/* Begin XCConfigurationList section */
		FEC0DC311C28B39F0008C7C1 /* Build configuration list for PBXProject "Coderpursue" */ = {
			isa = XCConfigurationList;
			buildConfigurations = (
				FEC0DC5E1C28B39F0008C7C1 /* Debug */,
				FEC0DC5F1C28B39F0008C7C1 /* Release */,
			);
			defaultConfigurationIsVisible = 0;
			defaultConfigurationName = Release;
		};
		FEC0DC601C28B39F0008C7C1 /* Build configuration list for PBXNativeTarget "Coderpursue" */ = {
			isa = XCConfigurationList;
			buildConfigurations = (
				FEC0DC611C28B39F0008C7C1 /* Debug */,
				FEC0DC621C28B39F0008C7C1 /* Release */,
			);
			defaultConfigurationIsVisible = 0;
			defaultConfigurationName = Release;
		};
		FEC0DC631C28B39F0008C7C1 /* Build configuration list for PBXNativeTarget "CoderpursueTests" */ = {
			isa = XCConfigurationList;
			buildConfigurations = (
				FEC0DC641C28B39F0008C7C1 /* Debug */,
				FEC0DC651C28B39F0008C7C1 /* Release */,
			);
			defaultConfigurationIsVisible = 0;
			defaultConfigurationName = Release;
		};
		FEC0DC661C28B39F0008C7C1 /* Build configuration list for PBXNativeTarget "CoderpursueUITests" */ = {
			isa = XCConfigurationList;
			buildConfigurations = (
				FEC0DC671C28B39F0008C7C1 /* Debug */,
				FEC0DC681C28B39F0008C7C1 /* Release */,
			);
			defaultConfigurationIsVisible = 0;
			defaultConfigurationName = Release;
		};
/* End XCConfigurationList section */
	};
	rootObject = FEC0DC2E1C28B39F0008C7C1 /* Project object */;
}
