PODS:
  - Alamofire (4.3.0)
  - Bugly (2.4.6)
  - IQKeyboardManagerSwift (4.0.8)
  - Kingfisher (3.4.0)
  - MBProgressHUD (1.0.0)
  - MJRefresh (3.1.12)
  - Moya (8.0.2):
    - Moya/Core (= 8.0.2)
  - Moya/Core (8.0.2):
    - Alamofire (~> 4.1)
    - Result (~> 3.0)
  - ObjectMapper (2.2.3)
  - ReachabilitySwift (3)
  - Result (3.1.0)
  - SnapKit (3.2.0)
  - SwiftDate (4.0.13)

DEPENDENCIES:
  - Alamofire
  - Bugly
  - IQKeyboardManagerSwift
  - Kingfisher
  - MBProgressHUD
  - MJRefresh
  - Moya
  - ObjectMapper (~> 2.2)
  - ReachabilitySwift (~> 3)
  - SnapKit
  - SwiftDate (~> 4.0)

SPEC CHECKSUMS:
  Alamofire: 856a113053a7bc9cbe5d6367a555d773fc5cfef7
  Bugly: 7756e72c59387b0d490f46e83ab458ae94ee7fba
  IQKeyboardManagerSwift: c04bc9f68473823f825eb44d958fce98d921bead
  Kingfisher: 5690cfb3d1bddf3a98d679a3a34d0b7294974ed2
  MBProgressHUD: 4890f671c94e8a0f3cf959aa731e9de2f036d71a
  MJRefresh: b96cdb21c4aa75a7b07654311ab2f315c497e806
  Moya: 47f61da5b634aa71f676431b64ee0f81e976296d
  ObjectMapper: d3b3de11267f5d971f390eb8d63dd509116a4329
  ReachabilitySwift: f5b9bb30a0777fac8f09ce8b067e32faeb29bb64
  Result: 4e3ed5995ed94d0cd6a09be9a431fce3f3624bbf
  SnapKit: 1ca44df72cfa543218d177cb8aab029d10d86ea7
  SwiftDate: 8ec416bb1b5129d1f35e8efaed720421f41d42df

PODFILE CHECKSUM: d2643d13eaaefb5d384bcc03106db204b148e37e

COCOAPODS: 1.2.0.beta.1
