PODS:
  - Alamofire (4.4.0)
  - AVOSCloud (4.2.0)
  - Bugly (2.4.7)
  - HMSegmentedControl (1.5.3)
  - IQKeyboardManagerSwift (4.0.8)
  - JCore (1.1.1)
  - JPush (3.0.2):
    - JCore (~> 1.1.1)
  - Kingfisher (3.6.0)
  - MBProgressHUD (1.0.0)
  - MJRefresh (3.1.12)
  - Moya (8.0.3):
    - Moya/Core (= 8.0.3)
  - Moya/Core (8.0.3):
    - Alamofire (~> 4.1)
    - Result (~> 3.0)
  - ObjectMapper (2.2.5)
  - PromiseKit (4.1.7):
    - PromiseKit/Foundation (= 4.1.7)
    - PromiseKit/QuartzCore (= 4.1.7)
    - PromiseKit/UIKit (= 4.1.7)
  - PromiseKit/CorePromise (4.1.7)
  - PromiseKit/Foundation (4.1.7):
    - PromiseKit/CorePromise
  - PromiseKit/QuartzCore (4.1.7):
    - PromiseKit/CorePromise
  - PromiseKit/UIKit (4.1.7):
    - PromiseKit/CorePromise
  - Result (3.2.1)
  - SnapKit (3.2.0)
  - SwiftDate (4.1.0)
  - SwiftMessages (3.3.3)
  - SwiftyBeaver (1.1.4)
  - SwiftyJSON (3.1.4)
  - SwiftyStoreKit (0.8.4)

DEPENDENCIES:
  - Alamofire
  - AVOSCloud
  - Bugly
  - HMSegmentedControl
  - IQKeyboardManagerSwift
  - JPush
  - Kingfisher
  - MBProgressHUD (~> 1.0.0)
  - MJRefresh
  - Moya
  - ObjectMapper (~> 2.2)
  - PromiseKit (~> 4.0)
  - SnapKit
  - SwiftDate (~> 4.0)
  - SwiftMessages
  - SwiftyBeaver
  - SwiftyJSON
  - SwiftyStoreKit

SPEC CHECKSUMS:
  Alamofire: dc44b1600b800eb63da6a19039a0083d62a6a62d
  AVOSCloud: 5446ad0320f4942cce1a036d131992cd1115db99
  Bugly: 2c256069145f550171907c5cb1c0f84ad291f6c1
  HMSegmentedControl: 7c6145afb50f26cec5f3243082f6f12b9f41318f
  IQKeyboardManagerSwift: c04bc9f68473823f825eb44d958fce98d921bead
  JCore: 2210a789c8efb7dc2a46b1c24d2209b995b18ad2
  JPush: 01a693fafe51b93eafc2e368bbc7a7cc07e12ce4
  Kingfisher: 300035f9a40634dc9b452d946c9f22250688fecd
  MBProgressHUD: 4890f671c94e8a0f3cf959aa731e9de2f036d71a
  MJRefresh: b96cdb21c4aa75a7b07654311ab2f315c497e806
  Moya: d3721622e3cc0cc2f038d69a258686f0b66e7252
  ObjectMapper: fb30f71e08470d1e5a20b199fafe1246281db898
  PromiseKit: 779f2e41faf62d854e7593026ddbcb0bb5c5002d
  Result: 2453a22e5c5b11c0c3a478736e82cd02f763b781
  SnapKit: 1ca44df72cfa543218d177cb8aab029d10d86ea7
  SwiftDate: 1cb9a0a930a1f0fff392806829fed0ee370ff94f
  SwiftMessages: '09cea3336e3fb63c3578983c8aac65acaa6d884a'
  SwiftyBeaver: 9216b6e163c145628ccc7c0126df4287880d6e1e
  SwiftyJSON: c2842d878f95482ffceec5709abc3d05680c0220
  SwiftyStoreKit: b235756bd6e541cafbed6e75d28b29b8a1c1caef

PODFILE CHECKSUM: 35f07868cd2f29d675a0ea600c9807115eadf20c

COCOAPODS: 1.2.0
