PODS:
  - Alamofire (4.0.0)
  - Bugly (2.4.0)
  - IQKeyboardManagerSwift (4.0.6)
  - Kingfisher (3.1.0)
  - MBProgressHUD (1.0.0)
  - MJRefresh (3.1.12)
  - Moya (8.0.0-beta.1):
    - Moya/Core (= 8.0.0-beta.1)
  - Moya/Core (8.0.0-beta.1):
    - Alamofire (~> 4.0.0)
    - Result
  - ObjectMapper (2.0.0)
  - ReachabilitySwift (3)
  - Result (3.0.0)
  - SnapKit (3.0.1)
  - SwiftDate (3.0.9)

DEPENDENCIES:
  - Alamofire
  - Bugly
  - IQKeyboardManagerSwift
  - Kingfisher
  - MBProgressHUD
  - MJRefresh
  - Moya (from `https://github.com/Moya/Moya.git`, tag `8.0.0-beta.1`)
  - ObjectMapper (~> 2.0.0)
  - ReachabilitySwift (~> 3)
  - SnapKit
  - SwiftDate (from `https://github.com/malcommac/SwiftDate.git`, branch `feature/swift-3.0`)

EXTERNAL SOURCES:
  Moya:
    :git: https://github.com/Moya/Moya.git
    :tag: 8.0.0-beta.1
  SwiftDate:
    :branch: feature/swift-3.0
    :git: https://github.com/malcommac/SwiftDate.git

CHECKOUT OPTIONS:
  Moya:
    :git: https://github.com/Moya/Moya.git
    :tag: 8.0.0-beta.1
  SwiftDate:
    :commit: 644a4615c77dc70d7861ddadb2c59f5c45f4c235
    :git: https://github.com/malcommac/SwiftDate.git

SPEC CHECKSUMS:
  Alamofire: fef59f00388f267e52d9b432aa5d93dc97190f14
  Bugly: 3b56d8365c5687f74fd6fbb50c5b7ede3cdac96c
  IQKeyboardManagerSwift: b3015e819559ca76381f87a0833f44d178564603
  Kingfisher: 7779f22e977393e9533a89a9685beb8f679d3767
  MBProgressHUD: 4890f671c94e8a0f3cf959aa731e9de2f036d71a
  MJRefresh: b96cdb21c4aa75a7b07654311ab2f315c497e806
  Moya: 63c4a59d2643c824df8c5a3b3a5f38dc2b48b055
  ObjectMapper: aed2570edabbd3c9b26c939e1cabdb6558f933e0
  ReachabilitySwift: f5b9bb30a0777fac8f09ce8b067e32faeb29bb64
  Result: 1b3e431f37cbcd3ad89c6aa9ab0ae55515fae3b6
  SnapKit: f818b8326d45b4e1c777d0ab27b5c0a3624bfdeb
  SwiftDate: fa487d9b7d8c3070ea2553486902494f4915465d

PODFILE CHECKSUM: d34e63fe227a7c5661ebeefae86f3b827740d0a0

COCOAPODS: 1.1.0.beta.2
